
Microsoft Visual Studio Solution File, Format Version 12.00
# Visual Studio Version 16
VisualStudioVersion = 16.0.30114.105
MinimumVisualStudioVersion = 10.0.40219.1
Project("{FAE04EC0-301F-11D3-BF4B-00C04F79EFBC}") = "R5T.Darbi", "R5T.Darbi\R5T.Darbi.csproj", "{F3968A3D-8D7E-49A1-9DEA-AC0A473FA274}"
EndProject
Project("{FAE04EC0-301F-11D3-BF4B-00C04F79EFBC}") = "R5T.Darbi.Lib", "R5T.Darbi.Lib\R5T.Darbi.Lib.csproj", "{776D5F80-190E-4804-81AE-0257C10CFDCB}"
EndProject
Global
	GlobalSection(SolutionConfigurationPlatforms) = preSolution
		Debug|Any CPU = Debug|Any CPU
		Debug|x64 = Debug|x64
		Debug|x86 = Debug|x86
		Release|Any CPU = Release|Any CPU
		Release|x64 = Release|x64
		Release|x86 = Release|x86
	EndGlobalSection
	GlobalSection(SolutionProperties) = preSolution
		HideSolutionNode = FALSE
	EndGlobalSection
	GlobalSection(ProjectConfigurationPlatforms) = postSolution
		{F3968A3D-8D7E-49A1-9DEA-AC0A473FA274}.Debug|Any CPU.ActiveCfg = Debug|Any CPU
		{F3968A3D-8D7E-49A1-9DEA-AC0A473FA274}.Debug|Any CPU.Build.0 = Debug|Any CPU
		{F3968A3D-8D7E-49A1-9DEA-AC0A473FA274}.Debug|x64.ActiveCfg = Debug|Any CPU
		{F3968A3D-8D7E-49A1-9DEA-AC0A473FA274}.Debug|x64.Build.0 = Debug|Any CPU
		{F3968A3D-8D7E-49A1-9DEA-AC0A473FA274}.Debug|x86.ActiveCfg = Debug|Any CPU
		{F3968A3D-8D7E-49A1-9DEA-AC0A473FA274}.Debug|x86.Build.0 = Debug|Any CPU
		{F3968A3D-8D7E-49A1-9DEA-AC0A473FA274}.Release|Any CPU.ActiveCfg = Release|Any CPU
		{F3968A3D-8D7E-49A1-9DEA-AC0A473FA274}.Release|Any CPU.Build.0 = Release|Any CPU
		{F3968A3D-8D7E-49A1-9DEA-AC0A473FA274}.Release|x64.ActiveCfg = Release|Any CPU
		{F3968A3D-8D7E-49A1-9DEA-AC0A473FA274}.Release|x64.Build.0 = Release|Any CPU
		{F3968A3D-8D7E-49A1-9DEA-AC0A473FA274}.Release|x86.ActiveCfg = Release|Any CPU
		{F3968A3D-8D7E-49A1-9DEA-AC0A473FA274}.Release|x86.Build.0 = Release|Any CPU
		{776D5F80-190E-4804-81AE-0257C10CFDCB}.Debug|Any CPU.ActiveCfg = Debug|Any CPU
		{776D5F80-190E-4804-81AE-0257C10CFDCB}.Debug|Any CPU.Build.0 = Debug|Any CPU
		{776D5F80-190E-4804-81AE-0257C10CFDCB}.Debug|x64.ActiveCfg = Debug|Any CPU
		{776D5F80-190E-4804-81AE-0257C10CFDCB}.Debug|x64.Build.0 = Debug|Any CPU
		{776D5F80-190E-4804-81AE-0257C10CFDCB}.Debug|x86.ActiveCfg = Debug|Any CPU
		{776D5F80-190E-4804-81AE-0257C10CFDCB}.Debug|x86.Build.0 = Debug|Any CPU
		{776D5F80-190E-4804-81AE-0257C10CFDCB}.Release|Any CPU.ActiveCfg = Release|Any CPU
		{776D5F80-190E-4804-81AE-0257C10CFDCB}.Release|Any CPU.Build.0 = Release|Any CPU
		{776D5F80-190E-4804-81AE-0257C10CFDCB}.Release|x64.ActiveCfg = Release|Any CPU
		{776D5F80-190E-4804-81AE-0257C10CFDCB}.Release|x64.Build.0 = Release|Any CPU
		{776D5F80-190E-4804-81AE-0257C10CFDCB}.Release|x86.ActiveCfg = Release|Any CPU
		{776D5F80-190E-4804-81AE-0257C10CFDCB}.Release|x86.Build.0 = Release|Any CPU
	EndGlobalSection
EndGlobal
